
Microsoft Visual Studio Solution File, Format Version 12.00
# Visual Studio Version 16
VisualStudioVersion = 16.0.30611.23
MinimumVisualStudioVersion = 10.0.40219.1
Project("{FAE04EC0-301F-11D3-BF4B-00C04F79EFBC}") = "AlsTraining", "TrainingProject\AlsTraining.csproj", "{EC7ACC35-8E6D-4F6A-A56B-0F2B5EBA05F8}"
EndProject
Global
	GlobalSection(SolutionConfigurationPlatforms) = preSolution
		Debug|Any CPU = Debug|Any CPU
		Release|Any CPU = Release|Any CPU
	EndGlobalSection
	GlobalSection(ProjectConfigurationPlatforms) = postSolution
		{EC7ACC35-8E6D-4F6A-A56B-0F2B5EBA05F8}.Debug|Any CPU.ActiveCfg = Debug|Any CPU
		{EC7ACC35-8E6D-4F6A-A56B-0F2B5EBA05F8}.Debug|Any CPU.Build.0 = Debug|Any CPU
		{EC7ACC35-8E6D-4F6A-A56B-0F2B5EBA05F8}.Release|Any CPU.ActiveCfg = Release|Any CPU
		{EC7ACC35-8E6D-4F6A-A56B-0F2B5EBA05F8}.Release|Any CPU.Build.0 = Release|Any CPU
	EndGlobalSection
	GlobalSection(SolutionProperties) = preSolution
		HideSolutionNode = FALSE
	EndGlobalSection
	GlobalSection(ExtensibilityGlobals) = postSolution
		SolutionGuid = {022932BE-989D-4525-8985-3D8E089B350B}
	EndGlobalSection
EndGlobal
